// !$*UTF8*$!
{
	archiveVersion = 1;
	classes = {
	};
	objectVersion = 70;
	objects = {

/* Begin PBXFileReference section */
		18415419F95A8A21A0E19113 /* audia-qa-ios-app.app */ = {isa = PBXFileReference; explicitFileType = wrapper.application; includeInIndex = 0; path = "audia-qa-ios-app.app"; sourceTree = BUILT_PRODUCTS_DIR; };
		184155BD441249F0C3E37B96 /* Info.plist */ = {isa = PBXFileReference; fileEncoding = 4; lastKnownFileType = text.plist.info; name = Info.plist; path = src/Info.plist; sourceTree = "<group>"; };
/* End PBXFileReference section */

/* Begin PBXFileSystemSynchronizedBuildFileExceptionSet section */
		18415004CF14344CDC974D91 /* PBXFileSystemSynchronizedBuildFileExceptionSet */ = {
			isa = PBXFileSystemSynchronizedBuildFileExceptionSet;
			membershipExceptions = (
				Info.plist,
			);
			target = 18415B63B9A7CC24E9FA4DF5 /* app */;
		};
/* End PBXFileSystemSynchronizedBuildFileExceptionSet section */

/* Begin PBXFileSystemSynchronizedRootGroup section */
		18415D75822C11A97B71A4FF /* src */ = {isa = PBXFileSystemSynchronizedRootGroup; exceptions = (18415004CF14344CDC974D91 /* PBXFileSystemSynchronizedBuildFileExceptionSet */, ); explicitFileTypes = {}; explicitFolders = (); path = src; sourceTree = SOURCE_ROOT; };
/* End PBXFileSystemSynchronizedRootGroup section */

/* Begin PBXFrameworksBuildPhase section */
		18415BAE7702915FD7756AA8 /* Frameworks */ = {
			isa = PBXFrameworksBuildPhase;
			buildActionMask = 2147483647;
			files = (
			);
			runOnlyForDeploymentPostprocessing = 0;
		};
/* End PBXFrameworksBuildPhase section */

/* Begin PBXGroup section */
		184154BCC23729C24963903F = {
			isa = PBXGroup;
			children = (
				184158D0A823B392873B1098 /* Products */,
				184155BD441249F0C3E37B96 /* Info.plist */,
				18415D75822C11A97B71A4FF /* src */,
			);
			sourceTree = "<group>";
		};
		184158D0A823B392873B1098 /* Products */ = {
			isa = PBXGroup;
			children = (
				18415419F95A8A21A0E19113 /* audia-qa-ios-app.app */,
			);
			name = Products;
			sourceTree = "<group>";
		};
/* End PBXGroup section */

/* Begin PBXNativeTarget section */
		18415B63B9A7CC24E9FA4DF5 /* app */ = {
			isa = PBXNativeTarget;
			buildConfigurationList = 18415B4AD7A84D0E5F3E3C53 /* Build configuration list for PBXNativeTarget "app" */;
			buildPhases = (
				1841581727F23AAA8B52C5F0 /* Build Kotlin with Amper */,
				18415CBF4E831F42501A0111 /* Sources */,
				18415BAE7702915FD7756AA8 /* Frameworks */,
				18415747C7A7BB8910A3666D /* Resources */,
			);
			buildRules = (
			);
			dependencies = (
			);
			fileSystemSynchronizedGroups = (
				18415D75822C11A97B71A4FF /* src */,
			);
			name = app;
			productName = app;
			productReference = 18415419F95A8A21A0E19113 /* audia-qa-ios-app.app */;
			productType = "com.apple.product-type.application";
		};
/* End PBXNativeTarget section */

/* Begin PBXProject section */
		184153A66907C477D09448D5 /* Project object */ = {
			isa = PBXProject;
			attributes = {
			};
			buildConfigurationList = 184150CBA3A53E2465AC5EA6 /* Build configuration list for PBXProject "module" */;
			compatibilityVersion = "Xcode 3.2";
			developmentRegion = English;
			hasScannedForEncodings = 0;
			knownRegions = (
				English,
				en,
			);
			mainGroup = 184154BCC23729C24963903F;
			productRefGroup = 184158D0A823B392873B1098 /* Products */;
			projectDirPath = "";
			projectRoot = "";
			targets = (
				18415B63B9A7CC24E9FA4DF5 /* app */,
			);
		};
/* End PBXProject section */

/* Begin PBXResourcesBuildPhase section */
		18415747C7A7BB8910A3666D /* Resources */ = {
			isa = PBXResourcesBuildPhase;
			buildActionMask = 2147483647;
			files = (
			);
			runOnlyForDeploymentPostprocessing = 0;
		};
/* End PBXResourcesBuildPhase section */

/* Begin PBXShellScriptBuildPhase section */
		1841581727F23AAA8B52C5F0 /* Build Kotlin with Amper */ = {
			isa = PBXShellScriptBuildPhase;
			alwaysOutOfDate = 1;
			buildActionMask = 2147483647;
			files = (
			);
			inputPaths = (
			);
			name = "Build Kotlin with Amper";
			outputPaths = (
			);
			runOnlyForDeploymentPostprocessing = 0;
			shellPath = /bin/sh;
			shellScript = "# !AMPER KMP INTEGRATION STEP!\n# This script is managed by Amper, do not edit manually!\n\"${AMPER_WRAPPER_PATH}\" tool xcode-integration\n";
		};
/* End PBXShellScriptBuildPhase section */

/* Begin PBXSourcesBuildPhase section */
		18415CBF4E831F42501A0111 /* Sources */ = {
			isa = PBXSourcesBuildPhase;
			buildActionMask = 2147483647;
			files = (
			);
			runOnlyForDeploymentPostprocessing = 0;
		};
/* End PBXSourcesBuildPhase section */

/* Begin XCBuildConfiguration section */
		184150B4666AC188B13B0AB1 /* Release */ = {
			isa = XCBuildConfiguration;
			buildSettings = {
			};
			name = Release;
		};
		184152F2F84086B2A36CDFCC /* Debug */ = {
			isa = XCBuildConfiguration;
			buildSettings = {
			};
			name = Debug;
		};
		18415324589500DD06289510 /* Debug */ = {
			isa = XCBuildConfiguration;
			buildSettings = {
				ALWAYS_SEARCH_USER_PATHS = NO;
				AMPER_WRAPPER_PATH = ../amper;
				ASSETCATALOG_COMPILER_APPICON_NAME = AppIcon;
				CLANG_ENABLE_MODULES = YES;
				CLANG_ENABLE_OBJC_ARC = YES;
				DEVELOPMENT_TEAM = GC6399JB34;
				ENABLE_TESTABILITY = YES;
				ENABLE_USER_SCRIPT_SANDBOXING = NO;
				FRAMEWORK_SEARCH_PATHS = (
					"$(inherited)",
					"$(TARGET_BUILD_DIR)/AmperFrameworks",
				);
				GCC_OPTIMIZATION_LEVEL = 0;
				INFOPLIST_FILE = src/Info.plist;
				IPHONEOS_DEPLOYMENT_TARGET = 26.0;
				LD_RUNPATH_SEARCH_PATHS = (
					"$(inherited)",
					"@executable_path/Frameworks",
					"@loader_path/Frameworks",
				);
				ONLY_ACTIVE_ARCH = YES;
				PRODUCT_BUNDLE_IDENTIFIER = "audia-qa-ios-app";
				PRODUCT_MODULE_NAME = app;
				PRODUCT_NAME = "audia-qa-ios-app";
				SDKROOT = iphoneos;
				SWIFT_OPTIMIZATION_LEVEL = "-Onone";
				SWIFT_VERSION = 5.0;
				TARGETED_DEVICE_FAMILY = "1 2";
			};
			name = Debug;
		};
		184156B37CE10AA2D13BA1E6 /* Release */ = {
			isa = XCBuildConfiguration;
			buildSettings = {
				ALWAYS_SEARCH_USER_PATHS = NO;
				AMPER_WRAPPER_PATH = ../amper;
				ASSETCATALOG_COMPILER_APPICON_NAME = AppIcon;
				CLANG_ENABLE_MODULES = YES;
				CLANG_ENABLE_OBJC_ARC = YES;
				DEVELOPMENT_TEAM = GC6399JB34;
				ENABLE_USER_SCRIPT_SANDBOXING = NO;
				FRAMEWORK_SEARCH_PATHS = (
					"$(inherited)",
					"$(TARGET_BUILD_DIR)/AmperFrameworks",
				);
				INFOPLIST_FILE = src/Info.plist;
				IPHONEOS_DEPLOYMENT_TARGET = 26.0;
				LD_RUNPATH_SEARCH_PATHS = (
					"$(inherited)",
					"@executable_path/Frameworks",
					"@loader_path/Frameworks",
				);
				PRODUCT_BUNDLE_IDENTIFIER = "audia-qa-ios-app";
				PRODUCT_MODULE_NAME = app;
				PRODUCT_NAME = "audia-qa-ios-app";
				SDKROOT = iphoneos;
				SWIFT_VERSION = 5.0;
				TARGETED_DEVICE_FAMILY = "1 2";
			};
			name = Release;
		};
/* End XCBuildConfiguration section */

/* Begin XCConfigurationList section */
		184150CBA3A53E2465AC5EA6 /* Build configuration list for PBXProject "module" */ = {
			isa = XCConfigurationList;
			buildConfigurations = (
				184152F2F84086B2A36CDFCC /* Debug */,
				184150B4666AC188B13B0AB1 /* Release */,
			);
			defaultConfigurationIsVisible = 0;
			defaultConfigurationName = Release;
		};
		18415B4AD7A84D0E5F3E3C53 /* Build configuration list for PBXNativeTarget "app" */ = {
			isa = XCConfigurationList;
			buildConfigurations = (
				18415324589500DD06289510 /* Debug */,
				184156B37CE10AA2D13BA1E6 /* Release */,
			);
			defaultConfigurationIsVisible = 0;
			defaultConfigurationName = Release;
		};
/* End XCConfigurationList section */
	};
	rootObject = 184153A66907C477D09448D5 /* Project object */;
}
